
Microsoft Visual Studio Solution File, Format Version 12.00
# Visual Studio 15
VisualStudioVersion = 15.0.28307.106
MinimumVisualStudioVersion = 10.0.40219.1
Project("{FAE04EC0-301F-11D3-BF4B-00C04F79EFBC}") = "Lands.Android", "Lands\Lands.Android\Lands.Android.csproj", "{645D5C50-CB6F-4624-92F4-B219E4E0CA42}"
EndProject
Project("{FAE04EC0-301F-11D3-BF4B-00C04F79EFBC}") = "Lands.iOS", "Lands\Lands.iOS\Lands.iOS.csproj", "{BB186D45-E9B6-464C-A0AC-0EB01449034A}"
EndProject
Project("{FAE04EC0-301F-11D3-BF4B-00C04F79EFBC}") = "Lands", "Lands\Lands\Lands.csproj", "{E651359A-18F2-4689-B5A4-D37C3571EB8F}"
EndProject
Global
	GlobalSection(SolutionConfigurationPlatforms) = preSolution
		Ad-Hoc|Any CPU = Ad-Hoc|Any CPU
		Ad-Hoc|iPhone = Ad-Hoc|iPhone
		Ad-Hoc|iPhoneSimulator = Ad-Hoc|iPhoneSimulator
		AppStore|Any CPU = AppStore|Any CPU
		AppStore|iPhone = AppStore|iPhone
		AppStore|iPhoneSimulator = AppStore|iPhoneSimulator
		Debug|Any CPU = Debug|Any CPU
		Debug|iPhone = Debug|iPhone
		Debug|iPhoneSimulator = Debug|iPhoneSimulator
		Release|Any CPU = Release|Any CPU
		Release|iPhone = Release|iPhone
		Release|iPhoneSimulator = Release|iPhoneSimulator
	EndGlobalSection
	GlobalSection(ProjectConfigurationPlatforms) = postSolution
		{645D5C50-CB6F-4624-92F4-B219E4E0CA42}.Ad-Hoc|Any CPU.ActiveCfg = Release|Any CPU
		{645D5C50-CB6F-4624-92F4-B219E4E0CA42}.Ad-Hoc|Any CPU.Build.0 = Release|Any CPU
		{645D5C50-CB6F-4624-92F4-B219E4E0CA42}.Ad-Hoc|Any CPU.Deploy.0 = Release|Any CPU
		{645D5C50-CB6F-4624-92F4-B219E4E0CA42}.Ad-Hoc|iPhone.ActiveCfg = Release|Any CPU
		{645D5C50-CB6F-4624-92F4-B219E4E0CA42}.Ad-Hoc|iPhone.Build.0 = Release|Any CPU
		{645D5C50-CB6F-4624-92F4-B219E4E0CA42}.Ad-Hoc|iPhone.Deploy.0 = Release|Any CPU
		{645D5C50-CB6F-4624-92F4-B219E4E0CA42}.Ad-Hoc|iPhoneSimulator.ActiveCfg = Release|Any CPU
		{645D5C50-CB6F-4624-92F4-B219E4E0CA42}.Ad-Hoc|iPhoneSimulator.Build.0 = Release|Any CPU
		{645D5C50-CB6F-4624-92F4-B219E4E0CA42}.Ad-Hoc|iPhoneSimulator.Deploy.0 = Release|Any CPU
		{645D5C50-CB6F-4624-92F4-B219E4E0CA42}.AppStore|Any CPU.ActiveCfg = Release|Any CPU
		{645D5C50-CB6F-4624-92F4-B219E4E0CA42}.AppStore|Any CPU.Build.0 = Release|Any CPU
		{645D5C50-CB6F-4624-92F4-B219E4E0CA42}.AppStore|Any CPU.Deploy.0 = Release|Any CPU
		{645D5C50-CB6F-4624-92F4-B219E4E0CA42}.AppStore|iPhone.ActiveCfg = Release|Any CPU
		{645D5C50-CB6F-4624-92F4-B219E4E0CA42}.AppStore|iPhone.Build.0 = Release|Any CPU
		{645D5C50-CB6F-4624-92F4-B219E4E0CA42}.AppStore|iPhone.Deploy.0 = Release|Any CPU
		{645D5C50-CB6F-4624-92F4-B219E4E0CA42}.AppStore|iPhoneSimulator.ActiveCfg = Release|Any CPU
		{645D5C50-CB6F-4624-92F4-B219E4E0CA42}.AppStore|iPhoneSimulator.Build.0 = Release|Any CPU
		{645D5C50-CB6F-4624-92F4-B219E4E0CA42}.AppStore|iPhoneSimulator.Deploy.0 = Release|Any CPU
		{645D5C50-CB6F-4624-92F4-B219E4E0CA42}.Debug|Any CPU.ActiveCfg = Debug|Any CPU
		{645D5C50-CB6F-4624-92F4-B219E4E0CA42}.Debug|Any CPU.Build.0 = Debug|Any CPU
		{645D5C50-CB6F-4624-92F4-B219E4E0CA42}.Debug|Any CPU.Deploy.0 = Debug|Any CPU
		{645D5C50-CB6F-4624-92F4-B219E4E0CA42}.Debug|iPhone.ActiveCfg = Debug|Any CPU
		{645D5C50-CB6F-4624-92F4-B219E4E0CA42}.Debug|iPhone.Build.0 = Debug|Any CPU
		{645D5C50-CB6F-4624-92F4-B219E4E0CA42}.Debug|iPhone.Deploy.0 = Debug|Any CPU
		{645D5C50-CB6F-4624-92F4-B219E4E0CA42}.Debug|iPhoneSimulator.ActiveCfg = Debug|Any CPU
		{645D5C50-CB6F-4624-92F4-B219E4E0CA42}.Debug|iPhoneSimulator.Build.0 = Debug|Any CPU
		{645D5C50-CB6F-4624-92F4-B219E4E0CA42}.Debug|iPhoneSimulator.Deploy.0 = Debug|Any CPU
		{645D5C50-CB6F-4624-92F4-B219E4E0CA42}.Release|Any CPU.ActiveCfg = Release|Any CPU
		{645D5C50-CB6F-4624-92F4-B219E4E0CA42}.Release|Any CPU.Build.0 = Release|Any CPU
		{645D5C50-CB6F-4624-92F4-B219E4E0CA42}.Release|Any CPU.Deploy.0 = Release|Any CPU
		{645D5C50-CB6F-4624-92F4-B219E4E0CA42}.Release|iPhone.ActiveCfg = Release|Any CPU
		{645D5C50-CB6F-4624-92F4-B219E4E0CA42}.Release|iPhone.Build.0 = Release|Any CPU
		{645D5C50-CB6F-4624-92F4-B219E4E0CA42}.Release|iPhone.Deploy.0 = Release|Any CPU
		{645D5C50-CB6F-4624-92F4-B219E4E0CA42}.Release|iPhoneSimulator.ActiveCfg = Release|Any CPU
		{645D5C50-CB6F-4624-92F4-B219E4E0CA42}.Release|iPhoneSimulator.Build.0 = Release|Any CPU
		{645D5C50-CB6F-4624-92F4-B219E4E0CA42}.Release|iPhoneSimulator.Deploy.0 = Release|Any CPU
		{BB186D45-E9B6-464C-A0AC-0EB01449034A}.Ad-Hoc|Any CPU.ActiveCfg = Ad-Hoc|iPhone
		{BB186D45-E9B6-464C-A0AC-0EB01449034A}.Ad-Hoc|Any CPU.Build.0 = Ad-Hoc|iPhone
		{BB186D45-E9B6-464C-A0AC-0EB01449034A}.Ad-Hoc|Any CPU.Deploy.0 = Ad-Hoc|iPhone
		{BB186D45-E9B6-464C-A0AC-0EB01449034A}.Ad-Hoc|iPhone.ActiveCfg = Ad-Hoc|iPhone
		{BB186D45-E9B6-464C-A0AC-0EB01449034A}.Ad-Hoc|iPhone.Build.0 = Ad-Hoc|iPhone
		{BB186D45-E9B6-464C-A0AC-0EB01449034A}.Ad-Hoc|iPhone.Deploy.0 = Ad-Hoc|iPhone
		{BB186D45-E9B6-464C-A0AC-0EB01449034A}.Ad-Hoc|iPhoneSimulator.ActiveCfg = Ad-Hoc|iPhoneSimulator
		{BB186D45-E9B6-464C-A0AC-0EB01449034A}.Ad-Hoc|iPhoneSimulator.Build.0 = Ad-Hoc|iPhoneSimulator
		{BB186D45-E9B6-464C-A0AC-0EB01449034A}.Ad-Hoc|iPhoneSimulator.Deploy.0 = Ad-Hoc|iPhoneSimulator
		{BB186D45-E9B6-464C-A0AC-0EB01449034A}.AppStore|Any CPU.ActiveCfg = AppStore|iPhone
		{BB186D45-E9B6-464C-A0AC-0EB01449034A}.AppStore|Any CPU.Build.0 = AppStore|iPhone
		{BB186D45-E9B6-464C-A0AC-0EB01449034A}.AppStore|Any CPU.Deploy.0 = AppStore|iPhone
		{BB186D45-E9B6-464C-A0AC-0EB01449034A}.AppStore|iPhone.ActiveCfg = AppStore|iPhone
		{BB186D45-E9B6-464C-A0AC-0EB01449034A}.AppStore|iPhone.Build.0 = AppStore|iPhone
		{BB186D45-E9B6-464C-A0AC-0EB01449034A}.AppStore|iPhone.Deploy.0 = AppStore|iPhone
		{BB186D45-E9B6-464C-A0AC-0EB01449034A}.AppStore|iPhoneSimulator.ActiveCfg = AppStore|iPhoneSimulator
		{BB186D45-E9B6-464C-A0AC-0EB01449034A}.AppStore|iPhoneSimulator.Build.0 = AppStore|iPhoneSimulator
		{BB186D45-E9B6-464C-A0AC-0EB01449034A}.AppStore|iPhoneSimulator.Deploy.0 = AppStore|iPhoneSimulator
		{BB186D45-E9B6-464C-A0AC-0EB01449034A}.Debug|Any CPU.ActiveCfg = Debug|iPhoneSimulator
		{BB186D45-E9B6-464C-A0AC-0EB01449034A}.Debug|Any CPU.Build.0 = Debug|iPhoneSimulator
		{BB186D45-E9B6-464C-A0AC-0EB01449034A}.Debug|Any CPU.Deploy.0 = Debug|iPhoneSimulator
		{BB186D45-E9B6-464C-A0AC-0EB01449034A}.Debug|iPhone.ActiveCfg = Debug|iPhone
		{BB186D45-E9B6-464C-A0AC-0EB01449034A}.Debug|iPhone.Build.0 = Debug|iPhone
		{BB186D45-E9B6-464C-A0AC-0EB01449034A}.Debug|iPhone.Deploy.0 = Debug|iPhone
		{BB186D45-E9B6-464C-A0AC-0EB01449034A}.Debug|iPhoneSimulator.ActiveCfg = Debug|iPhoneSimulator
		{BB186D45-E9B6-464C-A0AC-0EB01449034A}.Debug|iPhoneSimulator.Build.0 = Debug|iPhoneSimulator
		{BB186D45-E9B6-464C-A0AC-0EB01449034A}.Debug|iPhoneSimulator.Deploy.0 = Debug|iPhoneSimulator
		{BB186D45-E9B6-464C-A0AC-0EB01449034A}.Release|Any CPU.ActiveCfg = Release|iPhone
		{BB186D45-E9B6-464C-A0AC-0EB01449034A}.Release|Any CPU.Build.0 = Release|iPhone
		{BB186D45-E9B6-464C-A0AC-0EB01449034A}.Release|Any CPU.Deploy.0 = Release|iPhone
		{BB186D45-E9B6-464C-A0AC-0EB01449034A}.Release|iPhone.ActiveCfg = Release|iPhone
		{BB186D45-E9B6-464C-A0AC-0EB01449034A}.Release|iPhone.Build.0 = Release|iPhone
		{BB186D45-E9B6-464C-A0AC-0EB01449034A}.Release|iPhone.Deploy.0 = Release|iPhone
		{BB186D45-E9B6-464C-A0AC-0EB01449034A}.Release|iPhoneSimulator.ActiveCfg = Release|iPhoneSimulator
		{BB186D45-E9B6-464C-A0AC-0EB01449034A}.Release|iPhoneSimulator.Build.0 = Release|iPhoneSimulator
		{BB186D45-E9B6-464C-A0AC-0EB01449034A}.Release|iPhoneSimulator.Deploy.0 = Release|iPhoneSimulator
		{E651359A-18F2-4689-B5A4-D37C3571EB8F}.Ad-Hoc|Any CPU.ActiveCfg = Debug|Any CPU
		{E651359A-18F2-4689-B5A4-D37C3571EB8F}.Ad-Hoc|Any CPU.Build.0 = Debug|Any CPU
		{E651359A-18F2-4689-B5A4-D37C3571EB8F}.Ad-Hoc|Any CPU.Deploy.0 = Debug|Any CPU
		{E651359A-18F2-4689-B5A4-D37C3571EB8F}.Ad-Hoc|iPhone.ActiveCfg = Debug|Any CPU
		{E651359A-18F2-4689-B5A4-D37C3571EB8F}.Ad-Hoc|iPhone.Build.0 = Debug|Any CPU
		{E651359A-18F2-4689-B5A4-D37C3571EB8F}.Ad-Hoc|iPhone.Deploy.0 = Debug|Any CPU
		{E651359A-18F2-4689-B5A4-D37C3571EB8F}.Ad-Hoc|iPhoneSimulator.ActiveCfg = Debug|Any CPU
		{E651359A-18F2-4689-B5A4-D37C3571EB8F}.Ad-Hoc|iPhoneSimulator.Build.0 = Debug|Any CPU
		{E651359A-18F2-4689-B5A4-D37C3571EB8F}.Ad-Hoc|iPhoneSimulator.Deploy.0 = Debug|Any CPU
		{E651359A-18F2-4689-B5A4-D37C3571EB8F}.AppStore|Any CPU.ActiveCfg = Debug|Any CPU
		{E651359A-18F2-4689-B5A4-D37C3571EB8F}.AppStore|Any CPU.Build.0 = Debug|Any CPU
		{E651359A-18F2-4689-B5A4-D37C3571EB8F}.AppStore|Any CPU.Deploy.0 = Debug|Any CPU
		{E651359A-18F2-4689-B5A4-D37C3571EB8F}.AppStore|iPhone.ActiveCfg = Debug|Any CPU
		{E651359A-18F2-4689-B5A4-D37C3571EB8F}.AppStore|iPhone.Build.0 = Debug|Any CPU
		{E651359A-18F2-4689-B5A4-D37C3571EB8F}.AppStore|iPhone.Deploy.0 = Debug|Any CPU
		{E651359A-18F2-4689-B5A4-D37C3571EB8F}.AppStore|iPhoneSimulator.ActiveCfg = Debug|Any CPU
		{E651359A-18F2-4689-B5A4-D37C3571EB8F}.AppStore|iPhoneSimulator.Build.0 = Debug|Any CPU
		{E651359A-18F2-4689-B5A4-D37C3571EB8F}.AppStore|iPhoneSimulator.Deploy.0 = Debug|Any CPU
		{E651359A-18F2-4689-B5A4-D37C3571EB8F}.Debug|Any CPU.ActiveCfg = Debug|Any CPU
		{E651359A-18F2-4689-B5A4-D37C3571EB8F}.Debug|Any CPU.Build.0 = Debug|Any CPU
		{E651359A-18F2-4689-B5A4-D37C3571EB8F}.Debug|Any CPU.Deploy.0 = Debug|Any CPU
		{E651359A-18F2-4689-B5A4-D37C3571EB8F}.Debug|iPhone.ActiveCfg = Debug|Any CPU
		{E651359A-18F2-4689-B5A4-D37C3571EB8F}.Debug|iPhone.Build.0 = Debug|Any CPU
		{E651359A-18F2-4689-B5A4-D37C3571EB8F}.Debug|iPhone.Deploy.0 = Debug|Any CPU
		{E651359A-18F2-4689-B5A4-D37C3571EB8F}.Debug|iPhoneSimulator.ActiveCfg = Debug|Any CPU
		{E651359A-18F2-4689-B5A4-D37C3571EB8F}.Debug|iPhoneSimulator.Build.0 = Debug|Any CPU
		{E651359A-18F2-4689-B5A4-D37C3571EB8F}.Debug|iPhoneSimulator.Deploy.0 = Debug|Any CPU
		{E651359A-18F2-4689-B5A4-D37C3571EB8F}.Release|Any CPU.ActiveCfg = Release|Any CPU
		{E651359A-18F2-4689-B5A4-D37C3571EB8F}.Release|Any CPU.Build.0 = Release|Any CPU
		{E651359A-18F2-4689-B5A4-D37C3571EB8F}.Release|Any CPU.Deploy.0 = Release|Any CPU
		{E651359A-18F2-4689-B5A4-D37C3571EB8F}.Release|iPhone.ActiveCfg = Release|Any CPU
		{E651359A-18F2-4689-B5A4-D37C3571EB8F}.Release|iPhone.Build.0 = Release|Any CPU
		{E651359A-18F2-4689-B5A4-D37C3571EB8F}.Release|iPhone.Deploy.0 = Release|Any CPU
		{E651359A-18F2-4689-B5A4-D37C3571EB8F}.Release|iPhoneSimulator.ActiveCfg = Release|Any CPU
		{E651359A-18F2-4689-B5A4-D37C3571EB8F}.Release|iPhoneSimulator.Build.0 = Release|Any CPU
		{E651359A-18F2-4689-B5A4-D37C3571EB8F}.Release|iPhoneSimulator.Deploy.0 = Release|Any CPU
	EndGlobalSection
	GlobalSection(SolutionProperties) = preSolution
		HideSolutionNode = FALSE
	EndGlobalSection
	GlobalSection(ExtensibilityGlobals) = postSolution
		SolutionGuid = {25C9E1A3-0A12-4CE0-AC80-E4A20176B057}
	EndGlobalSection
EndGlobal
